{
  "name": "natours",
  "version": "1.0.0",
  "lockfileVersion": 1,
  "requires": true,
  "dependencies": {
    "jquery": {
      "version": "3.3.1",
      "resolved": "http://registry.npm.taobao.org/jquery/download/jquery-3.3.1.tgz",
      "integrity": "sha1-lYzinoHJeQ8xvneS311NlfxX+8o="
    },
    "node-sass": {
      "version": "4.7.2",
      "resolved": "http://registry.npm.taobao.org/node-sass/download/node-sass-4.7.2.tgz",
      "dev": true,
      "dependencies": {
        "async-foreach": {
          "version": "http://registry.npm.taobao.org/async-foreach/download/async-foreach-0.1.3.tgz",
          "bundled": true
        },
        "chalk": {
          "version": "http://registry.npm.taobao.org/chalk/download/chalk-1.1.3.tgz",
          "bundled": true,
          "dependencies": {
            "ansi-styles": {
              "version": "http://registry.npm.taobao.org/ansi-styles/download/ansi-styles-2.2.1.tgz",
              "bundled": true
            },
            "escape-string-regexp": {
              "version": "http://registry.npm.taobao.org/escape-string-regexp/download/escape-string-regexp-1.0.5.tgz",
              "bundled": true
            },
            "has-ansi": {
              "version": "http://registry.npm.taobao.org/has-ansi/download/has-ansi-2.0.0.tgz",
              "bundled": true
            },
            "strip-ansi": {
              "version": "http://registry.npm.taobao.org/strip-ansi/download/strip-ansi-3.0.1.tgz",
              "bundled": true
            },
            "supports-color": {
              "version": "http://registry.npm.taobao.org/supports-color/download/supports-color-2.0.0.tgz",
              "bundled": true
            }
          }
        },
        "cross-spawn": {
          "version": "http://registry.npm.taobao.org/cross-spawn/download/cross-spawn-3.0.1.tgz",
          "bundled": true
        },
        "gaze": {
          "version": "http://registry.npm.taobao.org/gaze/download/gaze-1.1.2.tgz",
          "bundled": true
        },
        "get-stdin": {
          "version": "http://registry.npm.taobao.org/get-stdin/download/get-stdin-4.0.1.tgz",
          "bundled": true
        },
        "glob": {
          "version": "http://registry.npm.taobao.org/glob/download/glob-7.1.2.tgz",
          "bundled": true,
          "dependencies": {
            "fs.realpath": {
              "version": "http://registry.npm.taobao.org/fs.realpath/download/fs.realpath-1.0.0.tgz",
              "bundled": true
            },
            "inflight": {
              "version": "http://registry.npm.taobao.org/inflight/download/inflight-1.0.6.tgz",
              "bundled": true
            },
            "inherits": {
              "version": "http://registry.npm.taobao.org/inherits/download/inherits-2.0.3.tgz",
              "bundled": true
            },
            "minimatch": {
              "version": "http://registry.npm.taobao.org/minimatch/download/minimatch-3.0.4.tgz",
              "bundled": true
            },
            "once": {
              "version": "http://registry.npm.taobao.org/once/download/once-1.4.0.tgz",
              "bundled": true,
              "dependencies": {
                "wrappy": {
                  "version": "http://registry.npm.taobao.org/wrappy/download/wrappy-1.0.2.tgz"
                }
              }
            },
            "path-is-absolute": {
              "version": "http://registry.npm.taobao.org/path-is-absolute/download/path-is-absolute-1.0.1.tgz",
              "bundled": true
            }
          }
        },
        "in-publish": {
          "version": "http://registry.npm.taobao.org/in-publish/download/in-publish-2.0.0.tgz",
          "bundled": true
        },
        "lodash.assign": {
          "version": "http://registry.npm.taobao.org/lodash.assign/download/lodash.assign-4.2.0.tgz",
          "bundled": true
        },
        "lodash.clonedeep": {
          "version": "http://registry.npm.taobao.org/lodash.clonedeep/download/lodash.clonedeep-4.5.0.tgz",
          "bundled": true
        },
        "lodash.mergewith": {
          "version": "http://registry.npm.taobao.org/lodash.mergewith/download/lodash.mergewith-4.6.1.tgz",
          "bundled": true
        },
        "meow": {
          "version": "http://registry.npm.taobao.org/meow/download/meow-3.7.0.tgz",
          "bundled": true,
          "dependencies": {
            "camelcase-keys": {
              "version": "http://registry.npm.taobao.org/camelcase-keys/download/camelcase-keys-2.1.0.tgz",
              "bundled": true
            },
            "decamelize": {
              "version": "http://registry.npm.taobao.org/decamelize/download/decamelize-1.2.0.tgz",
              "bundled": true
            },
            "loud-rejection": {
              "version": "http://registry.npm.taobao.org/loud-rejection/download/loud-rejection-1.6.0.tgz",
              "bundled": true
            },
            "map-obj": {
              "version": "http://registry.npm.taobao.org/map-obj/download/map-obj-1.0.1.tgz",
              "bundled": true
            },
            "minimist": {
              "version": "http://registry.npm.taobao.org/minimist/download/minimist-1.2.0.tgz",
              "bundled": true
            },
            "normalize-package-data": {
              "version": "http://registry.npm.taobao.org/normalize-package-data/download/normalize-package-data-2.4.0.tgz",
              "bundled": true,
              "dependencies": {
                "hosted-git-info": {
                  "version": "http://registry.npm.taobao.org/hosted-git-info/download/hosted-git-info-2.6.0.tgz",
                  "bundled": true
                },
                "is-builtin-module": {
                  "version": "http://registry.npm.taobao.org/is-builtin-module/download/is-builtin-module-1.0.0.tgz",
                  "bundled": true
                },
                "semver": {
                  "version": "http://registry.npm.taobao.org/semver/download/semver-5.5.0.tgz",
                  "bundled": true
                },
                "validate-npm-package-license": {
                  "version": "http://registry.npm.taobao.org/validate-npm-package-license/download/validate-npm-package-license-3.0.3.tgz",
                  "bundled": true
                }
              }
            },
            "object-assign": {
              "version": "http://registry.npm.taobao.org/object-assign/download/object-assign-4.1.1.tgz",
              "bundled": true
            },
            "read-pkg-up": {
              "version": "http://registry.npm.taobao.org/read-pkg-up/download/read-pkg-up-1.0.1.tgz",
              "bundled": true,
              "dependencies": {
                "find-up": {
                  "version": "http://registry.npm.taobao.org/find-up/download/find-up-1.1.2.tgz",
                  "bundled": true
                },
                "read-pkg": {
                  "version": "http://registry.npm.taobao.org/read-pkg/download/read-pkg-1.1.0.tgz",
                  "bundled": true
                }
              }
            },
            "redent": {
              "version": "http://registry.npm.taobao.org/redent/download/redent-1.0.0.tgz",
              "bundled": true
            },
            "trim-newlines": {
              "version": "http://registry.npm.taobao.org/trim-newlines/download/trim-newlines-1.0.0.tgz",
              "bundled": true
            }
          }
        },
        "mkdirp": {
          "version": "http://registry.npm.taobao.org/mkdirp/download/mkdirp-0.5.1.tgz",
          "bundled": true,
          "dependencies": {
            "minimist": {
              "version": "http://registry.npm.taobao.org/minimist/download/minimist-0.0.8.tgz",
              "bundled": true
            }
          }
        },
        "nan": {
          "version": "http://registry.npm.taobao.org/nan/download/nan-2.10.0.tgz",
          "bundled": true
        },
        "node-gyp": {
          "version": "http://registry.npm.taobao.org/node-gyp/download/node-gyp-3.6.2.tgz",
          "bundled": true,
          "dependencies": {
            "fstream": {
              "version": "http://registry.npm.taobao.org/fstream/download/fstream-1.0.11.tgz",
              "bundled": true
            },
            "glob": {
              "version": "http://registry.npm.taobao.org/glob/download/glob-7.1.2.tgz",
              "bundled": true
            },
            "graceful-fs": {
              "version": "http://registry.npm.taobao.org/graceful-fs/download/graceful-fs-4.1.11.tgz",
              "bundled": true
            },
            "minimatch": {
              "version": "http://registry.npm.taobao.org/minimatch/download/minimatch-3.0.4.tgz",
              "bundled": true,
              "dependencies": {
                "brace-expansion": {
                  "version": "http://registry.npm.taobao.org/brace-expansion/download/brace-expansion-1.1.11.tgz"
                }
              }
            },
            "mkdirp": {
              "version": "http://registry.npm.taobao.org/mkdirp/download/mkdirp-0.5.1.tgz",
              "bundled": true,
              "dependencies": {
                "minimist": {
                  "version": "http://registry.npm.taobao.org/minimist/download/minimist-0.0.8.tgz",
                  "bundled": true
                }
              }
            },
            "nopt": {
              "version": "http://registry.npm.taobao.org/nopt/download/nopt-3.0.6.tgz",
              "bundled": true
            },
            "npmlog": {
              "version": "http://registry.npm.taobao.org/npmlog/download/npmlog-4.1.2.tgz",
              "bundled": true
            },
            "osenv": {
              "version": "http://registry.npm.taobao.org/osenv/download/osenv-0.1.5.tgz",
              "bundled": true
            },
            "request": {
              "version": "http://registry.npm.taobao.org/request/download/request-2.85.0.tgz",
              "bundled": true
            },
            "rimraf": {
              "version": "http://registry.npm.taobao.org/rimraf/download/rimraf-2.6.2.tgz",
              "bundled": true,
              "dependencies": {
                "glob": {
                  "version": "http://registry.npm.taobao.org/glob/download/glob-7.1.2.tgz",
                  "dependencies": {
                    "fs.realpath": {
                      "version": "http://registry.npm.taobao.org/fs.realpath/download/fs.realpath-1.0.0.tgz",
                      "bundled": true
                    },
                    "inflight": {
                      "version": "http://registry.npm.taobao.org/inflight/download/inflight-1.0.6.tgz",
                      "bundled": true
                    },
                    "inherits": {
                      "version": "http://registry.npm.taobao.org/inherits/download/inherits-2.0.3.tgz",
                      "bundled": true
                    },
                    "minimatch": {
                      "version": "http://registry.npm.taobao.org/minimatch/download/minimatch-3.0.4.tgz",
                      "bundled": true
                    },
                    "once": {
                      "version": "http://registry.npm.taobao.org/once/download/once-1.4.0.tgz",
                      "bundled": true,
                      "dependencies": {}
                    },
                    "path-is-absolute": {
                      "version": "http://registry.npm.taobao.org/path-is-absolute/download/path-is-absolute-1.0.1.tgz",
                      "bundled": true
                    }
                  }
                }
              }
            },
            "semver": {
              "version": "http://registry.npm.taobao.org/semver/download/semver-5.3.0.tgz",
              "bundled": true
            },
            "tar": {
              "version": "http://registry.npm.taobao.org/tar/download/tar-2.2.1.tgz",
              "bundled": true
            },
            "which": {
              "version": "http://registry.npm.taobao.org/which/download/which-1.3.0.tgz",
              "bundled": true,
              "dependencies": {
                "isexe": {
                  "version": "http://registry.npm.taobao.org/isexe/download/isexe-2.0.0.tgz"
                }
              }
            }
          }
        },
        "npmlog": {
          "version": "http://registry.npm.taobao.org/npmlog/download/npmlog-4.1.2.tgz",
          "bundled": true,
          "dependencies": {
            "are-we-there-yet": {
              "version": "http://registry.npm.taobao.org/are-we-there-yet/download/are-we-there-yet-1.1.4.tgz"
            },
            "console-control-strings": {
              "version": "http://registry.npm.taobao.org/console-control-strings/download/console-control-strings-1.1.0.tgz"
            },
            "gauge": {
              "version": "http://registry.npm.taobao.org/gauge/download/gauge-2.7.4.tgz",
              "dependencies": {
                "aproba": {
                  "version": "http://registry.npm.taobao.org/aproba/download/aproba-1.2.0.tgz",
                  "bundled": true
                },
                "console-control-strings": {
                  "version": "http://registry.npm.taobao.org/console-control-strings/download/console-control-strings-1.1.0.tgz",
                  "bundled": true
                },
                "has-unicode": {
                  "version": "http://registry.npm.taobao.org/has-unicode/download/has-unicode-2.0.1.tgz",
                  "bundled": true
                },
                "object-assign": {
                  "version": "http://registry.npm.taobao.org/object-assign/download/object-assign-4.1.1.tgz",
                  "bundled": true
                },
                "signal-exit": {
                  "version": "http://registry.npm.taobao.org/signal-exit/download/signal-exit-3.0.2.tgz",
                  "bundled": true
                },
                "string-width": {
                  "version": "http://registry.npm.taobao.org/string-width/download/string-width-1.0.2.tgz",
                  "bundled": true,
                  "dependencies": {
                    "code-point-at": {
                      "version": "http://registry.npm.taobao.org/code-point-at/download/code-point-at-1.1.0.tgz",
                      "bundled": true
                    },
                    "is-fullwidth-code-point": {
                      "version": "http://registry.npm.taobao.org/is-fullwidth-code-point/download/is-fullwidth-code-point-1.0.0.tgz",
                      "bundled": true
                    },
                    "strip-ansi": {
                      "version": "http://registry.npm.taobao.org/strip-ansi/download/strip-ansi-3.0.1.tgz",
                      "bundled": true,
                      "dependencies": {
                        "ansi-regex": {
                          "version": "http://registry.npm.taobao.org/ansi-regex/download/ansi-regex-2.1.1.tgz"
                        }
                      }
                    }
                  }
                },
                "strip-ansi": {
                  "version": "http://registry.npm.taobao.org/strip-ansi/download/strip-ansi-3.0.1.tgz",
                  "bundled": true,
                  "dependencies": {
                    "ansi-regex": {
                      "version": "http://registry.npm.taobao.org/ansi-regex/download/ansi-regex-2.1.1.tgz"
                    }
                  }
                },
                "wide-align": {
                  "version": "http://registry.npm.taobao.org/wide-align/download/wide-align-1.1.2.tgz",
                  "bundled": true
                }
              }
            },
            "set-blocking": {
              "version": "http://registry.npm.taobao.org/set-blocking/download/set-blocking-2.0.0.tgz"
            }
          }
        },
        "request": {
          "version": "http://registry.npm.taobao.org/request/download/request-2.79.0.tgz",
          "bundled": true
        },
        "sass-graph": {
          "version": "http://registry.npm.taobao.org/sass-graph/download/sass-graph-2.2.4.tgz",
          "bundled": true
        },
        "stdout-stream": {
          "version": "http://registry.npm.taobao.org/stdout-stream/download/stdout-stream-1.4.0.tgz",
          "bundled": true,
          "dependencies": {
            "readable-stream": {
              "version": "http://registry.npm.taobao.org/readable-stream/download/readable-stream-2.3.5.tgz",
              "dependencies": {
                "core-util-is": {
                  "version": "http://registry.npm.taobao.org/core-util-is/download/core-util-is-1.0.2.tgz"
                },
                "inherits": {
                  "version": "http://registry.npm.taobao.org/inherits/download/inherits-2.0.3.tgz"
                },
                "isarray": {
                  "version": "http://registry.npm.taobao.org/isarray/download/isarray-1.0.0.tgz"
                },
                "process-nextick-args": {
                  "version": "http://registry.npm.taobao.org/process-nextick-args/download/process-nextick-args-2.0.0.tgz"
                },
                "safe-buffer": {
                  "version": "http://registry.npm.taobao.org/safe-buffer/download/safe-buffer-5.1.1.tgz"
                },
                "string_decoder": {
                  "version": "http://registry.npm.taobao.org/string_decoder/download/string_decoder-1.0.3.tgz"
                },
                "util-deprecate": {
                  "version": "http://registry.npm.taobao.org/util-deprecate/download/util-deprecate-1.0.2.tgz"
                }
              }
            }
          }
        },
        "true-case-path": {
          "version": "http://registry.npm.taobao.org/true-case-path/download/true-case-path-1.0.2.tgz",
          "bundled": true,
          "dependencies": {
            "glob": {
              "version": "http://registry.npm.taobao.org/glob/download/glob-6.0.4.tgz",
              "bundled": true,
              "dependencies": {
                "inflight": {
                  "version": "http://registry.npm.taobao.org/inflight/download/inflight-1.0.6.tgz",
                  "dependencies": {
                    "once": {
                      "version": "http://registry.npm.taobao.org/once/download/once-1.4.0.tgz"
                    },
                    "wrappy": {
                      "version": "http://registry.npm.taobao.org/wrappy/download/wrappy-1.0.2.tgz"
                    }
                  }
                },
                "inherits": {
                  "version": "http://registry.npm.taobao.org/inherits/download/inherits-2.0.3.tgz"
                },
                "minimatch": {
                  "version": "http://registry.npm.taobao.org/minimatch/download/minimatch-3.0.4.tgz",
                  "dependencies": {
                    "brace-expansion": {
                      "version": "http://registry.npm.taobao.org/brace-expansion/download/brace-expansion-1.1.11.tgz"
                    }
                  }
                },
                "once": {
                  "version": "http://registry.npm.taobao.org/once/download/once-1.4.0.tgz",
                  "dependencies": {
                    "wrappy": {
                      "version": "http://registry.npm.taobao.org/wrappy/download/wrappy-1.0.2.tgz"
                    }
                  }
                },
                "path-is-absolute": {
                  "version": "http://registry.npm.taobao.org/path-is-absolute/download/path-is-absolute-1.0.1.tgz"
                }
              }
            }
          }
        }
      }
    }
  }
}
